// !$*UTF8*$!
{
	archiveVersion = 1;
	classes = {
	};
	objectVersion = 46;
	objects = {

/* Begin PBXBuildFile section */
		15D74D661AE60074009CDB95 /* cJSON.c in Sources */ = {isa = PBXBuildFile; fileRef = 15D74D641AE60074009CDB95 /* cJSON.c */; };
		15D74D671AE60074009CDB95 /* cJSON.h in Headers */ = {isa = PBXBuildFile; fileRef = 15D74D651AE60074009CDB95 /* cJSON.h */; };
/* End PBXBuildFile section */

/* Begin PBXFileReference section */
		15D74D5D1AE6005C009CDB95 /* libcjson.a */ = {isa = PBXFileReference; explicitFileType = archive.ar; includeInIndex = 0; path = libcjson.a; sourceTree = BUILT_PRODUCTS_DIR; };
		15D74D641AE60074009CDB95 /* cJSON.c */ = {isa = PBXFileReference; fileEncoding = 4; lastKnownFileType = sourcecode.c.c; name = cJSON.c; path = ../../cJSON.c; sourceTree = "<group>"; };
		15D74D651AE60074009CDB95 /* cJSON.h */ = {isa = PBXFileReference; fileEncoding = 4; lastKnownFileType = sourcecode.c.h; name = cJSON.h; path = ../../cJSON.h; sourceTree = "<group>"; };
/* End PBXFileReference section */

/* Begin PBXFrameworksBuildPhase section */
		15D74D5A1AE6005C009CDB95 /* Frameworks */ = {
			isa = PBXFrameworksBuildPhase;
			buildActionMask = 2147483647;
			files = (
			);
			runOnlyForDeploymentPostprocessing = 0;
		};
/* End PBXFrameworksBuildPhase section */

/* Begin PBXGroup section */
		15D74D541AE6005C009CDB95 = {
			isa = PBXGroup;
			children = (
				15D74D641AE60074009CDB95 /* cJSON.c */,
				15D74D651AE60074009CDB95 /* cJSON.h */,
				15D74D5E1AE6005C009CDB95 /* Products */,
			);
			sourceTree = "<group>";
		};
		15D74D5E1AE6005C009CDB95 /* Products */ = {
			isa = PBXGroup;
			children = (
				15D74D5D1AE6005C009CDB95 /* libcjson.a */,
			);
			name = Products;
			sourceTree = "<group>";
		};
/* End PBXGroup section */

/* Begin PBXHeadersBuildPhase section */
		15D74D5B1AE6005C009CDB95 /* Headers */ = {
			isa = PBXHeadersBuildPhase;
			buildActionMask = 2147483647;
			files = (
				15D74D671AE60074009CDB95 /* cJSON.h in Headers */,
			);
			runOnlyForDeploymentPostprocessing = 0;
		};
/* End PBXHeadersBuildPhase section */

/* Begin PBXNativeTarget section */
		15D74D5C1AE6005C009CDB95 /* cjson */ = {
			isa = PBXNativeTarget;
			buildConfigurationList = 15D74D611AE6005C009CDB95 /* Build configuration list for PBXNativeTarget "cjson" */;
			buildPhases = (
				15D74D591AE6005C009CDB95 /* Sources */,
				15D74D5A1AE6005C009CDB95 /* Frameworks */,
				15D74D5B1AE6005C009CDB95 /* Headers */,
			);
			buildRules = (
			);
			dependencies = (
			);
			name = cjson;
			productName = cjson;
			productReference = 15D74D5D1AE6005C009CDB95 /* libcjson.a */;
			productType = "com.apple.product-type.library.static";
		};
/* End PBXNativeTarget section */

/* Begin PBXProject section */
		15D74D551AE6005C009CDB95 /* Project object */ = {
			isa = PBXProject;
			attributes = {
				LastUpgradeCheck = 0630;
				ORGANIZATIONNAME = GoPro;
				TargetAttributes = {
					15D74D5C1AE6005C009CDB95 = {
						CreatedOnToolsVersion = 6.3;
					};
				};
			};
			buildConfigurationList = 15D74D581AE6005C009CDB95 /* Build configuration list for PBXProject "cjson" */;
			compatibilityVersion = "Xcode 3.2";
			developmentRegion = English;
			hasScannedForEncodings = 0;
			knownRegions = (
				en,
			);
			mainGroup = 15D74D541AE6005C009CDB95;
			productRefGroup = 15D74D5E1AE6005C009CDB95 /* Products */;
			projectDirPath = "";
			projectRoot = "";
			targets = (
				15D74D5C1AE6005C009CDB95 /* cjson */,
			);
		};
/* End PBXProject section */

/* Begin PBXSourcesBuildPhase section */
		15D74D591AE6005C009CDB95 /* Sources */ = {
			isa = PBXSourcesBuildPhase;
			buildActionMask = 2147483647;
			files = (
				15D74D661AE60074009CDB95 /* cJSON.c in Sources */,
			);
			runOnlyForDeploymentPostprocessing = 0;
		};
/* End PBXSourcesBuildPhase section */

/* Begin XCBuildConfiguration section */
		15D74D5F1AE6005C009CDB95 /* Debug */ = {
			isa = XCBuildConfiguration;
			buildSettings = {
				ALWAYS_SEARCH_USER_PATHS = NO;
				CLANG_CXX_LANGUAGE_STANDARD = "gnu++0x";
				CLANG_CXX_LIBRARY = "libc++";
				CLANG_ENABLE_MODULES = YES;
				CLANG_ENABLE_OBJC_ARC = YES;
				CLANG_WARN_BOOL_CONVERSION = YES;
				CLANG_WARN_CONSTANT_CONVERSION = YES;
				CLANG_WARN_DIRECT_OBJC_ISA_USAGE = YES_ERROR;
				CLANG_WARN_EMPTY_BODY = YES;
				CLANG_WARN_ENUM_CONVERSION = YES;
				CLANG_WARN_INT_CONVERSION = YES;
				CLANG_WARN_OBJC_ROOT_CLASS = YES_ERROR;
				CLANG_WARN_UNREACHABLE_CODE = YES;
				CLANG_WARN__DUPLICATE_METHOD_MATCH = YES;
				COPY_PHASE_STRIP = NO;
				DEBUG_INFORMATION_FORMAT = dwarf;
				ENABLE_STRICT_OBJC_MSGSEND = YES;
				GCC_C_LANGUAGE_STANDARD = gnu99;
				GCC_DYNAMIC_NO_PIC = NO;
				GCC_NO_COMMON_BLOCKS = YES;
				GCC_OPTIMIZATION_LEVEL = 0;
				GCC_PREPROCESSOR_DEFINITIONS = (
					"DEBUG=1",
					"$(inherited)",
				);
				GCC_SYMBOLS_PRIVATE_EXTERN = NO;
				GCC_WARN_64_TO_32_BIT_CONVERSION = YES;
				GCC_WARN_ABOUT_RETURN_TYPE = YES_ERROR;
				GCC_WARN_UNDECLARED_SELECTOR = YES;
				GCC_WARN_UNINITIALIZED_AUTOS = YES_AGGRESSIVE;
				GCC_WARN_UNUSED_FUNCTION = YES;
				GCC_WARN_UNUSED_VARIABLE = YES;
				MACOSX_DEPLOYMENT_TARGET = 10.10;
				MTL_ENABLE_DEBUG_INFO = YES;
				ONLY_ACTIVE_ARCH = YES;
				SDKROOT = macosx;
			};
			name = Debug;
		};
		15D74D601AE6005C009CDB95 /* Release */ = {
			isa = XCBuildConfiguration;
			buildSettings = {
				ALWAYS_SEARCH_USER_PATHS = NO;
				CLANG_CXX_LANGUAGE_STANDARD = "gnu++0x";
				CLANG_CXX_LIBRARY = "libc++";
				CLANG_ENABLE_MODULES = YES;
				CLANG_ENABLE_OBJC_ARC = YES;
				CLANG_WARN_BOOL_CONVERSION = YES;
				CLANG_WARN_CONSTANT_CONVERSION = YES;
				CLANG_WARN_DIRECT_OBJC_ISA_USAGE = YES_ERROR;
				CLANG_WARN_EMPTY_BODY = YES;
				CLANG_WARN_ENUM_CONVERSION = YES;
				CLANG_WARN_INT_CONVERSION = YES;
				CLANG_WARN_OBJC_ROOT_CLASS = YES_ERROR;
				CLANG_WARN_UNREACHABLE_CODE = YES;
				CLANG_WARN__DUPLICATE_METHOD_MATCH = YES;
				COPY_PHASE_STRIP = NO;
				DEBUG_INFORMATION_FORMAT = "dwarf-with-dsym";
				ENABLE_NS_ASSERTIONS = NO;
				ENABLE_STRICT_OBJC_MSGSEND = YES;
				GCC_C_LANGUAGE_STANDARD = gnu99;
				GCC_NO_COMMON_BLOCKS = YES;
				GCC_WARN_64_TO_32_BIT_CONVERSION = YES;
				GCC_WARN_ABOUT_RETURN_TYPE = YES_ERROR;
				GCC_WARN_UNDECLARED_SELECTOR = YES;
				GCC_WARN_UNINITIALIZED_AUTOS = YES_AGGRESSIVE;
				GCC_WARN_UNUSED_FUNCTION = YES;
				GCC_WARN_UNUSED_VARIABLE = YES;
				MACOSX_DEPLOYMENT_TARGET = 10.10;
				MTL_ENABLE_DEBUG_INFO = NO;
				SDKROOT = macosx;
			};
			name = Release;
		};
		15D74D621AE6005C009CDB95 /* Debug */ = {
			isa = XCBuildConfiguration;
			buildSettings = {
				EXECUTABLE_PREFIX = lib;
				PRODUCT_NAME = "$(TARGET_NAME)";
			};
			name = Debug;
		};
		15D74D631AE6005C009CDB95 /* Release */ = {
			isa = XCBuildConfiguration;
			buildSettings = {
				EXECUTABLE_PREFIX = lib;
				PRODUCT_NAME = "$(TARGET_NAME)";
			};
			name = Release;
		};
/* End XCBuildConfiguration section */

/* Begin XCConfigurationList section */
		15D74D581AE6005C009CDB95 /* Build configuration list for PBXProject "cjson" */ = {
			isa = XCConfigurationList;
			buildConfigurations = (
				15D74D5F1AE6005C009CDB95 /* Debug */,
				15D74D601AE6005C009CDB95 /* Release */,
			);
			defaultConfigurationIsVisible = 0;
			defaultConfigurationName = Release;
		};
		15D74D611AE6005C009CDB95 /* Build configuration list for PBXNativeTarget "cjson" */ = {
			isa = XCConfigurationList;
			buildConfigurations = (
				15D74D621AE6005C009CDB95 /* Debug */,
				15D74D631AE6005C009CDB95 /* Release */,
			);
			defaultConfigurationIsVisible = 0;
		};
/* End XCConfigurationList section */
	};
	rootObject = 15D74D551AE6005C009CDB95 /* Project object */;
}
